# This file is automatically @generated by Poetry 1.4.2 and should not be changed by hand.

[[package]]
name = "anyio"
version = "3.6.2"
description = "High level compatibility layer for multiple asynchronous event loop implementations"
category = "main"
optional = false
python-versions = ">=3.6.2"
files = [
    {file = "anyio-3.6.2-py3-none-any.whl", hash = "sha256:fbbe32bd270d2a2ef3ed1c5d45041250284e31fc0a4df4a5a6071842051a51e3"},
    {file = "anyio-3.6.2.tar.gz", hash = "sha256:25ea0d673ae30af41a0c442f81cf3b38c7e79fdc7b60335a4c14e05eb0947421"},
]

[package.dependencies]
idna = ">=2.8"
sniffio = ">=1.1"

[package.extras]
doc = ["packaging", "sphinx-autodoc-typehints (>=1.2.0)", "sphinx-rtd-theme"]
test = ["contextlib2", "coverage[toml] (>=4.5)", "hypothesis (>=4.0)", "mock (>=4)", "pytest (>=7.0)", "pytest-mock (>=3.6.1)", "trustme", "uvloop (<0.15)", "uvloop (>=0.15)"]
trio = ["trio (>=0.16,<0.22)"]

[[package]]
name = "autopep8"
version = "2.0.4"
description = "A tool that automatically formats Python code to conform to the PEP 8 style guide"
category = "dev"
optional = false
python-versions = ">=3.6"
files = [
    {file = "autopep8-2.0.4-py2.py3-none-any.whl", hash = "sha256:067959ca4a07b24dbd5345efa8325f5f58da4298dab0dde0443d5ed765de80cb"},
    {file = "autopep8-2.0.4.tar.gz", hash = "sha256:2913064abd97b3419d1cc83ea71f042cb821f87e45b9c88cad5ad3c4ea87fe0c"},
]

[package.dependencies]
pycodestyle = ">=2.10.0"
tomli = {version = "*", markers = "python_version < \"3.11\""}

[[package]]
name = "beanie"
version = "1.21.0"
description = "Asynchronous Python ODM for MongoDB"
category = "main"
optional = false
python-versions = ">=3.7,<4.0"
files = [
    {file = "beanie-1.21.0-py3-none-any.whl", hash = "sha256:180a6d5e854297be2da84689b03509e7dc4f40f00c58a894a17ad40a00630838"},
    {file = "beanie-1.21.0.tar.gz", hash = "sha256:df1bcac1d5834730d3a1e461814fd0dfa173d91daca047b4d8ddcbf54343b4fd"},
]

[package.dependencies]
click = ">=7"
lazy-model = "0.1.0b0"
motor = ">=2.5.0,<4.0.0"
pydantic = ">=1.10,<3.0"
toml = "*"
typing-extensions = ">=4.7"

[package.extras]
doc = ["Markdown (>=3.3)", "Pygments (>=2.8.0)", "jinja2 (>=3.0.3)", "mkdocs (>=1.4)", "mkdocs-material (>=9.0)", "pydoc-markdown (>=4.8)"]
queue = ["beanie-batteries-queue (>=0.2)"]
test = ["asgi-lifespan (>=1.0.1)", "dnspython (>=2.1.0)", "fastapi (>=0.100)", "flake8 (>=3)", "httpx (>=0.23.0)", "pre-commit (>=2.3.0)", "pydantic-settings (>=2.0)", "pyright (>=0)", "pytest (>=6.0.0)", "pytest-asyncio (>=0.21.0)", "pytest-cov (>=2.8.1)"]

[[package]]
name = "black"
version = "23.9.0"
description = "The uncompromising code formatter."
category = "dev"
optional = false
python-versions = ">=3.8"
files = [
    {file = "black-23.9.0-py3-none-any.whl", hash = "sha256:9366c1f898981f09eb8da076716c02fd021f5a0e63581c66501d68a2e4eab844"},
    {file = "black-23.9.0.tar.gz", hash = "sha256:3511c8a7e22ce653f89ae90dfddaf94f3bb7e2587a245246572d3b9c92adf066"},
]

[package.dependencies]
click = ">=8.0.0"
mypy-extensions = ">=0.4.3"
packaging = ">=22.0"
pathspec = ">=0.9.0"
platformdirs = ">=2"
tomli = {version = ">=1.1.0", markers = "python_version < \"3.11\""}
typing-extensions = {version = ">=4.0.1", markers = "python_version < \"3.11\""}

[package.extras]
colorama = ["colorama (>=0.4.3)"]
d = ["aiohttp (>=3.7.4)"]
jupyter = ["ipython (>=7.8.0)", "tokenize-rt (>=3.2.0)"]
uvloop = ["uvloop (>=0.15.2)"]

[[package]]
name = "click"
version = "8.1.3"
description = "Composable command line interface toolkit"
category = "main"
optional = false
python-versions = ">=3.7"
files = [
    {file = "click-8.1.3-py3-none-any.whl", hash = "sha256:bb4d8133cb15a609f44e8213d9b391b0809795062913b383c62be0ee95b1db48"},
    {file = "click-8.1.3.tar.gz", hash = "sha256:7682dc8afb30297001674575ea00d1814d808d6a36af415a82bd481d37ba7b8e"},
]

[package.dependencies]
colorama = {version = "*", markers = "platform_system == \"Windows\""}

[[package]]
name = "colorama"
version = "0.4.6"
description = "Cross-platform colored terminal text."
category = "main"
optional = false
python-versions = "!=3.0.*,!=3.1.*,!=3.2.*,!=3.3.*,!=3.4.*,!=3.5.*,!=3.6.*,>=2.7"
files = [
    {file = "colorama-0.4.6-py2.py3-none-any.whl", hash = "sha256:4f1d9991f5acc0ca119f9d443620b77f9d6b33703e51011c16baf57afb285fc6"},
    {file = "colorama-0.4.6.tar.gz", hash = "sha256:08695f5cb7ed6e0531a20572697297273c47b8cae5a63ffc6d6ed5c201be6e44"},
]

[[package]]
name = "dnspython"
version = "2.3.0"
description = "DNS toolkit"
category = "main"
optional = false
python-versions = ">=3.7,<4.0"
files = [
    {file = "dnspython-2.3.0-py3-none-any.whl", hash = "sha256:89141536394f909066cabd112e3e1a37e4e654db00a25308b0f130bc3152eb46"},
    {file = "dnspython-2.3.0.tar.gz", hash = "sha256:224e32b03eb46be70e12ef6d64e0be123a64e621ab4c0822ff6d450d52a540b9"},
]

[package.extras]
curio = ["curio (>=1.2,<2.0)", "sniffio (>=1.1,<2.0)"]
dnssec = ["cryptography (>=2.6,<40.0)"]
doh = ["h2 (>=4.1.0)", "httpx (>=0.21.1)", "requests (>=2.23.0,<3.0.0)", "requests-toolbelt (>=0.9.1,<0.11.0)"]
doq = ["aioquic (>=0.9.20)"]
idna = ["idna (>=2.1,<4.0)"]
trio = ["trio (>=0.14,<0.23)"]
wmi = ["wmi (>=1.5.1,<2.0.0)"]

[[package]]
name = "exceptiongroup"
version = "1.1.0"
description = "Backport of PEP 654 (exception groups)"
category = "dev"
optional = false
python-versions = ">=3.7"
files = [
    {file = "exceptiongroup-1.1.0-py3-none-any.whl", hash = "sha256:327cbda3da756e2de031a3107b81ab7b3770a602c4d16ca618298c526f4bec1e"},
    {file = "exceptiongroup-1.1.0.tar.gz", hash = "sha256:bcb67d800a4497e1b404c2dd44fca47d3b7a5e5433dbab67f96c1a685cdfdf23"},
]

[package.extras]
test = ["pytest (>=6)"]

[[package]]
name = "flake8"
version = "6.0.0"
description = "the modular source code checker: pep8 pyflakes and co"
category = "dev"
optional = false
python-versions = ">=3.8.1"
files = [
    {file = "flake8-6.0.0-py2.py3-none-any.whl", hash = "sha256:3833794e27ff64ea4e9cf5d410082a8b97ff1a06c16aa3d2027339cd0f1195c7"},
    {file = "flake8-6.0.0.tar.gz", hash = "sha256:c61007e76655af75e6785a931f452915b371dc48f56efd765247c8fe68f2b181"},
]

[package.dependencies]
mccabe = ">=0.7.0,<0.8.0"
pycodestyle = ">=2.10.0,<2.11.0"
pyflakes = ">=3.0.0,<3.1.0"

[[package]]
name = "graphql-core"
version = "3.2.3"
description = "GraphQL implementation for Python, a port of GraphQL.js, the JavaScript reference implementation for GraphQL."
category = "main"
optional = false
python-versions = ">=3.6,<4"
files = [
    {file = "graphql-core-3.2.3.tar.gz", hash = "sha256:06d2aad0ac723e35b1cb47885d3e5c45e956a53bc1b209a9fc5369007fe46676"},
    {file = "graphql_core-3.2.3-py3-none-any.whl", hash = "sha256:5766780452bd5ec8ba133f8bf287dc92713e3868ddd83aee4faab9fc3e303dc3"},
]

[[package]]
name = "gunicorn"
version = "21.2.0"
description = "WSGI HTTP Server for UNIX"
category = "main"
optional = false
python-versions = ">=3.5"
files = [
    {file = "gunicorn-21.2.0-py3-none-any.whl", hash = "sha256:3213aa5e8c24949e792bcacfc176fef362e7aac80b76c56f6b5122bf350722f0"},
    {file = "gunicorn-21.2.0.tar.gz", hash = "sha256:88ec8bff1d634f98e61b9f65bc4bf3cd918a90806c6f5c48bc5603849ec81033"},
]

[package.dependencies]
packaging = "*"

[package.extras]
eventlet = ["eventlet (>=0.24.1)"]
gevent = ["gevent (>=1.4.0)"]
setproctitle = ["setproctitle"]
tornado = ["tornado (>=0.2)"]

[[package]]
name = "h11"
version = "0.14.0"
description = "A pure-Python, bring-your-own-I/O implementation of HTTP/1.1"
category = "main"
optional = false
python-versions = ">=3.7"
files = [
    {file = "h11-0.14.0-py3-none-any.whl", hash = "sha256:e3fe4ac4b851c468cc8363d500db52c2ead036020723024a109d37346efaa761"},
    {file = "h11-0.14.0.tar.gz", hash = "sha256:8f19fbbe99e72420ff35c00b27a34cb9937e902a8b810e2c88300c6f0a3b699d"},
]

[[package]]
name = "idna"
version = "3.4"
description = "Internationalized Domain Names in Applications (IDNA)"
category = "main"
optional = false
python-versions = ">=3.5"
files = [
    {file = "idna-3.4-py3-none-any.whl", hash = "sha256:90b77e79eaa3eba6de819a0c442c0b4ceefc341a7a2ab77d7562bf49f425c5c2"},
    {file = "idna-3.4.tar.gz", hash = "sha256:814f528e8dead7d329833b91c5faa87d60bf71824cd12a7530b5526063d02cb4"},
]

[[package]]
name = "iniconfig"
version = "2.0.0"
description = "brain-dead simple config-ini parsing"
category = "dev"
optional = false
python-versions = ">=3.7"
files = [
    {file = "iniconfig-2.0.0-py3-none-any.whl", hash = "sha256:b6a85871a79d2e3b22d2d1b94ac2824226a63c6b741c88f7ae975f18b6778374"},
    {file = "iniconfig-2.0.0.tar.gz", hash = "sha256:2d91e135bf72d31a410b17c16da610a82cb55f6b0477d1a902134b24a455b8b3"},
]

[[package]]
name = "invoke"
version = "2.2.0"
description = "Pythonic task execution"
category = "dev"
optional = false
python-versions = ">=3.6"
files = [
    {file = "invoke-2.2.0-py3-none-any.whl", hash = "sha256:6ea924cc53d4f78e3d98bc436b08069a03077e6f85ad1ddaa8a116d7dad15820"},
    {file = "invoke-2.2.0.tar.gz", hash = "sha256:ee6cbb101af1a859c7fe84f2a264c059020b0cb7fe3535f9424300ab568f6bd5"},
]

[[package]]
name = "isort"
version = "5.12.0"
description = "A Python utility / library to sort Python imports."
category = "dev"
optional = false
python-versions = ">=3.8.0"
files = [
    {file = "isort-5.12.0-py3-none-any.whl", hash = "sha256:f84c2818376e66cf843d497486ea8fed8700b340f308f076c6fb1229dff318b6"},
    {file = "isort-5.12.0.tar.gz", hash = "sha256:8bef7dde241278824a6d83f44a544709b065191b95b6e50894bdc722fcba0504"},
]

[package.extras]
colors = ["colorama (>=0.4.3)"]
pipfile-deprecated-finder = ["pip-shims (>=0.5.2)", "pipreqs", "requirementslib"]
plugins = ["setuptools"]
requirements-deprecated-finder = ["pip-api", "pipreqs"]

[[package]]
name = "lazy-model"
version = "0.1.0b0"
description = ""
category = "main"
optional = false
python-versions = ">=3.7,<4.0"
files = [
    {file = "lazy-model-0.1.0b0.tar.gz", hash = "sha256:90dd0b26d3033fadc18f697ab9cdd66cdf8e55469f32f2d88efd92610468e2d6"},
    {file = "lazy_model-0.1.0b0-py3-none-any.whl", hash = "sha256:74406bd54cf96a89b73570d8409b538c660ae4d0bfb4b30bbe46db2658a5937d"},
]

[package.dependencies]
pydantic = ">=1.9.0"

[[package]]
name = "mccabe"
version = "0.7.0"
description = "McCabe checker, plugin for flake8"
category = "dev"
optional = false
python-versions = ">=3.6"
files = [
    {file = "mccabe-0.7.0-py2.py3-none-any.whl", hash = "sha256:6c2d30ab6be0e4a46919781807b4f0d834ebdd6c6e3dca0bda5a15f863427b6e"},
    {file = "mccabe-0.7.0.tar.gz", hash = "sha256:348e0240c33b60bbdf4e523192ef919f28cb2c3d7d5c7794f74009290f236325"},
]

[[package]]
name = "motor"
version = "3.2.0"
description = "Non-blocking MongoDB driver for Tornado or asyncio"
category = "main"
optional = false
python-versions = ">=3.7"
files = [
    {file = "motor-3.2.0-py3-none-any.whl", hash = "sha256:82cd3d8a3b57e322c3fa382a393b52828c9a2e98b315c78af36f01bae78af6a6"},
    {file = "motor-3.2.0.tar.gz", hash = "sha256:4fb1e8502260f853554f24115421584e83904a6debb577354d33e9711ee99008"},
]

[package.dependencies]
pymongo = [
    {version = ">=4.4,<5"},
    {version = ">=4.4,<5", extras = ["srv"], optional = true, markers = "extra == \"srv\""},
]

[package.extras]
aws = ["pymongo[aws] (>=4.4,<5)"]
encryption = ["pymongo[encryption] (>=4.4,<5)"]
gssapi = ["pymongo[gssapi] (>=4.4,<5)"]
ocsp = ["pymongo[ocsp] (>=4.4,<5)"]
snappy = ["pymongo[snappy] (>=4.4,<5)"]
srv = ["pymongo[srv] (>=4.4,<5)"]
zstd = ["pymongo[zstd] (>=4.4,<5)"]

[[package]]
name = "mypy"
version = "1.1.1"
description = "Optional static typing for Python"
category = "dev"
optional = false
python-versions = ">=3.7"
files = [
    {file = "mypy-1.1.1-cp310-cp310-macosx_10_9_x86_64.whl", hash = "sha256:39c7119335be05630611ee798cc982623b9e8f0cff04a0b48dfc26100e0b97af"},
    {file = "mypy-1.1.1-cp310-cp310-macosx_11_0_arm64.whl", hash = "sha256:61bf08362e93b6b12fad3eab68c4ea903a077b87c90ac06c11e3d7a09b56b9c1"},
    {file = "mypy-1.1.1-cp310-cp310-manylinux_2_17_x86_64.manylinux2014_x86_64.whl", hash = "sha256:dbb19c9f662e41e474e0cff502b7064a7edc6764f5262b6cd91d698163196799"},
    {file = "mypy-1.1.1-cp310-cp310-musllinux_1_1_x86_64.whl", hash = "sha256:315ac73cc1cce4771c27d426b7ea558fb4e2836f89cb0296cbe056894e3a1f78"},
    {file = "mypy-1.1.1-cp310-cp310-win_amd64.whl", hash = "sha256:5cb14ff9919b7df3538590fc4d4c49a0f84392237cbf5f7a816b4161c061829e"},
    {file = "mypy-1.1.1-cp311-cp311-macosx_10_9_x86_64.whl", hash = "sha256:26cdd6a22b9b40b2fd71881a8a4f34b4d7914c679f154f43385ca878a8297389"},
    {file = "mypy-1.1.1-cp311-cp311-macosx_11_0_arm64.whl", hash = "sha256:5b5f81b40d94c785f288948c16e1f2da37203c6006546c5d947aab6f90aefef2"},
    {file = "mypy-1.1.1-cp311-cp311-manylinux_2_17_x86_64.manylinux2014_x86_64.whl", hash = "sha256:21b437be1c02712a605591e1ed1d858aba681757a1e55fe678a15c2244cd68a5"},
    {file = "mypy-1.1.1-cp311-cp311-musllinux_1_1_x86_64.whl", hash = "sha256:d809f88734f44a0d44959d795b1e6f64b2bbe0ea4d9cc4776aa588bb4229fc1c"},
    {file = "mypy-1.1.1-cp311-cp311-win_amd64.whl", hash = "sha256:a380c041db500e1410bb5b16b3c1c35e61e773a5c3517926b81dfdab7582be54"},
    {file = "mypy-1.1.1-cp37-cp37m-macosx_10_9_x86_64.whl", hash = "sha256:b7c7b708fe9a871a96626d61912e3f4ddd365bf7f39128362bc50cbd74a634d5"},
    {file = "mypy-1.1.1-cp37-cp37m-manylinux_2_17_x86_64.manylinux2014_x86_64.whl", hash = "sha256:c1c10fa12df1232c936830839e2e935d090fc9ee315744ac33b8a32216b93707"},
    {file = "mypy-1.1.1-cp37-cp37m-musllinux_1_1_x86_64.whl", hash = "sha256:0a28a76785bf57655a8ea5eb0540a15b0e781c807b5aa798bd463779988fa1d5"},
    {file = "mypy-1.1.1-cp37-cp37m-win_amd64.whl", hash = "sha256:ef6a01e563ec6a4940784c574d33f6ac1943864634517984471642908b30b6f7"},
    {file = "mypy-1.1.1-cp38-cp38-macosx_10_9_x86_64.whl", hash = "sha256:d64c28e03ce40d5303450f547e07418c64c241669ab20610f273c9e6290b4b0b"},
    {file = "mypy-1.1.1-cp38-cp38-macosx_11_0_arm64.whl", hash = "sha256:64cc3afb3e9e71a79d06e3ed24bb508a6d66f782aff7e56f628bf35ba2e0ba51"},
    {file = "mypy-1.1.1-cp38-cp38-manylinux_2_17_x86_64.manylinux2014_x86_64.whl", hash = "sha256:ce61663faf7a8e5ec6f456857bfbcec2901fbdb3ad958b778403f63b9e606a1b"},
    {file = "mypy-1.1.1-cp38-cp38-musllinux_1_1_x86_64.whl", hash = "sha256:2b0c373d071593deefbcdd87ec8db91ea13bd8f1328d44947e88beae21e8d5e9"},
    {file = "mypy-1.1.1-cp38-cp38-win_amd64.whl", hash = "sha256:2888ce4fe5aae5a673386fa232473014056967f3904f5abfcf6367b5af1f612a"},
    {file = "mypy-1.1.1-cp39-cp39-macosx_10_9_x86_64.whl", hash = "sha256:19ba15f9627a5723e522d007fe708007bae52b93faab00f95d72f03e1afa9598"},
    {file = "mypy-1.1.1-cp39-cp39-macosx_11_0_arm64.whl", hash = "sha256:59bbd71e5c58eed2e992ce6523180e03c221dcd92b52f0e792f291d67b15a71c"},
    {file = "mypy-1.1.1-cp39-cp39-manylinux_2_17_x86_64.manylinux2014_x86_64.whl", hash = "sha256:9401e33814cec6aec8c03a9548e9385e0e228fc1b8b0a37b9ea21038e64cdd8a"},
    {file = "mypy-1.1.1-cp39-cp39-musllinux_1_1_x86_64.whl", hash = "sha256:4b398d8b1f4fba0e3c6463e02f8ad3346f71956b92287af22c9b12c3ec965a9f"},
    {file = "mypy-1.1.1-cp39-cp39-win_amd64.whl", hash = "sha256:69b35d1dcb5707382810765ed34da9db47e7f95b3528334a3c999b0c90fe523f"},
    {file = "mypy-1.1.1-py3-none-any.whl", hash = "sha256:4e4e8b362cdf99ba00c2b218036002bdcdf1e0de085cdb296a49df03fb31dfc4"},
    {file = "mypy-1.1.1.tar.gz", hash = "sha256:ae9ceae0f5b9059f33dbc62dea087e942c0ccab4b7a003719cb70f9b8abfa32f"},
]

[package.dependencies]
mypy-extensions = ">=1.0.0"
tomli = {version = ">=1.1.0", markers = "python_version < \"3.11\""}
typing-extensions = ">=3.10"

[package.extras]
dmypy = ["psutil (>=4.0)"]
install-types = ["pip"]
python2 = ["typed-ast (>=1.4.0,<2)"]
reports = ["lxml"]

[[package]]
name = "mypy-extensions"
version = "1.0.0"
description = "Type system extensions for programs checked with the mypy type checker."
category = "dev"
optional = false
python-versions = ">=3.5"
files = [
    {file = "mypy_extensions-1.0.0-py3-none-any.whl", hash = "sha256:4392f6c0eb8a5668a69e23d168ffa70f0be9ccfd32b5cc2d26a34ae5b844552d"},
    {file = "mypy_extensions-1.0.0.tar.gz", hash = "sha256:75dbf8955dc00442a438fc4d0666508a9a97b6bd41aa2f0ffe9d2f2725af0782"},
]

[[package]]
name = "packaging"
version = "22.0"
description = "Core utilities for Python packages"
category = "main"
optional = false
python-versions = ">=3.7"
files = [
    {file = "packaging-22.0-py3-none-any.whl", hash = "sha256:957e2148ba0e1a3b282772e791ef1d8083648bc131c8ab0c1feba110ce1146c3"},
    {file = "packaging-22.0.tar.gz", hash = "sha256:2198ec20bd4c017b8f9717e00f0c8714076fc2fd93816750ab48e2c41de2cfd3"},
]

[[package]]
name = "pathspec"
version = "0.10.3"
description = "Utility library for gitignore style pattern matching of file paths."
category = "dev"
optional = false
python-versions = ">=3.7"
files = [
    {file = "pathspec-0.10.3-py3-none-any.whl", hash = "sha256:3c95343af8b756205e2aba76e843ba9520a24dd84f68c22b9f93251507509dd6"},
    {file = "pathspec-0.10.3.tar.gz", hash = "sha256:56200de4077d9d0791465aa9095a01d421861e405b5096955051deefd697d6f6"},
]

[[package]]
name = "platformdirs"
version = "2.6.2"
description = "A small Python package for determining appropriate platform-specific dirs, e.g. a \"user data dir\"."
category = "dev"
optional = false
python-versions = ">=3.7"
files = [
    {file = "platformdirs-2.6.2-py3-none-any.whl", hash = "sha256:83c8f6d04389165de7c9b6f0c682439697887bca0aa2f1c87ef1826be3584490"},
    {file = "platformdirs-2.6.2.tar.gz", hash = "sha256:e1fea1fe471b9ff8332e229df3cb7de4f53eeea4998d3b6bfff542115e998bd2"},
]

[package.extras]
docs = ["furo (>=2022.12.7)", "proselint (>=0.13)", "sphinx (>=5.3)", "sphinx-autodoc-typehints (>=1.19.5)"]
test = ["appdirs (==1.4.4)", "covdefaults (>=2.2.2)", "pytest (>=7.2)", "pytest-cov (>=4)", "pytest-mock (>=3.10)"]

[[package]]
name = "pluggy"
version = "1.0.0"
description = "plugin and hook calling mechanisms for python"
category = "dev"
optional = false
python-versions = ">=3.6"
files = [
    {file = "pluggy-1.0.0-py2.py3-none-any.whl", hash = "sha256:74134bbf457f031a36d68416e1509f34bd5ccc019f0bcc952c7b909d06b37bd3"},
    {file = "pluggy-1.0.0.tar.gz", hash = "sha256:4224373bacce55f955a878bf9cfa763c1e360858e330072059e10bad68531159"},
]

[package.extras]
dev = ["pre-commit", "tox"]
testing = ["pytest", "pytest-benchmark"]

[[package]]
name = "pycodestyle"
version = "2.10.0"
description = "Python style guide checker"
category = "dev"
optional = false
python-versions = ">=3.6"
files = [
    {file = "pycodestyle-2.10.0-py2.py3-none-any.whl", hash = "sha256:8a4eaf0d0495c7395bdab3589ac2db602797d76207242c17d470186815706610"},
    {file = "pycodestyle-2.10.0.tar.gz", hash = "sha256:347187bdb476329d98f695c213d7295a846d1152ff4fe9bacb8a9590b8ee7053"},
]

[[package]]
name = "pydantic"
version = "1.10.4"
description = "Data validation and settings management using python type hints"
category = "main"
optional = false
python-versions = ">=3.7"
files = [
    {file = "pydantic-1.10.4-cp310-cp310-macosx_10_9_x86_64.whl", hash = "sha256:b5635de53e6686fe7a44b5cf25fcc419a0d5e5c1a1efe73d49d48fe7586db854"},
    {file = "pydantic-1.10.4-cp310-cp310-macosx_11_0_arm64.whl", hash = "sha256:6dc1cc241440ed7ca9ab59d9929075445da6b7c94ced281b3dd4cfe6c8cff817"},
    {file = "pydantic-1.10.4-cp310-cp310-manylinux_2_17_x86_64.manylinux2014_x86_64.whl", hash = "sha256:51bdeb10d2db0f288e71d49c9cefa609bca271720ecd0c58009bd7504a0c464c"},
    {file = "pydantic-1.10.4-cp310-cp310-manylinux_2_5_i686.manylinux1_i686.manylinux_2_17_i686.manylinux2014_i686.whl", hash = "sha256:78cec42b95dbb500a1f7120bdf95c401f6abb616bbe8785ef09887306792e66e"},
    {file = "pydantic-1.10.4-cp310-cp310-musllinux_1_1_i686.whl", hash = "sha256:8775d4ef5e7299a2f4699501077a0defdaac5b6c4321173bcb0f3c496fbadf85"},
    {file = "pydantic-1.10.4-cp310-cp310-musllinux_1_1_x86_64.whl", hash = "sha256:572066051eeac73d23f95ba9a71349c42a3e05999d0ee1572b7860235b850cc6"},
    {file = "pydantic-1.10.4-cp310-cp310-win_amd64.whl", hash = "sha256:7feb6a2d401f4d6863050f58325b8d99c1e56f4512d98b11ac64ad1751dc647d"},
    {file = "pydantic-1.10.4-cp311-cp311-macosx_10_9_x86_64.whl", hash = "sha256:39f4a73e5342b25c2959529f07f026ef58147249f9b7431e1ba8414a36761f53"},
    {file = "pydantic-1.10.4-cp311-cp311-macosx_11_0_arm64.whl", hash = "sha256:983e720704431a6573d626b00662eb78a07148c9115129f9b4351091ec95ecc3"},
    {file = "pydantic-1.10.4-cp311-cp311-manylinux_2_17_x86_64.manylinux2014_x86_64.whl", hash = "sha256:75d52162fe6b2b55964fbb0af2ee58e99791a3138588c482572bb6087953113a"},
    {file = "pydantic-1.10.4-cp311-cp311-manylinux_2_5_i686.manylinux1_i686.manylinux_2_17_i686.manylinux2014_i686.whl", hash = "sha256:fdf8d759ef326962b4678d89e275ffc55b7ce59d917d9f72233762061fd04a2d"},
    {file = "pydantic-1.10.4-cp311-cp311-musllinux_1_1_i686.whl", hash = "sha256:05a81b006be15655b2a1bae5faa4280cf7c81d0e09fcb49b342ebf826abe5a72"},
    {file = "pydantic-1.10.4-cp311-cp311-musllinux_1_1_x86_64.whl", hash = "sha256:d88c4c0e5c5dfd05092a4b271282ef0588e5f4aaf345778056fc5259ba098857"},
    {file = "pydantic-1.10.4-cp311-cp311-win_amd64.whl", hash = "sha256:6a05a9db1ef5be0fe63e988f9617ca2551013f55000289c671f71ec16f4985e3"},
    {file = "pydantic-1.10.4-cp37-cp37m-macosx_10_9_x86_64.whl", hash = "sha256:887ca463c3bc47103c123bc06919c86720e80e1214aab79e9b779cda0ff92a00"},
    {file = "pydantic-1.10.4-cp37-cp37m-manylinux_2_17_x86_64.manylinux2014_x86_64.whl", hash = "sha256:fdf88ab63c3ee282c76d652fc86518aacb737ff35796023fae56a65ced1a5978"},
    {file = "pydantic-1.10.4-cp37-cp37m-manylinux_2_5_i686.manylinux1_i686.manylinux_2_17_i686.manylinux2014_i686.whl", hash = "sha256:a48f1953c4a1d9bd0b5167ac50da9a79f6072c63c4cef4cf2a3736994903583e"},
    {file = "pydantic-1.10.4-cp37-cp37m-musllinux_1_1_i686.whl", hash = "sha256:a9f2de23bec87ff306aef658384b02aa7c32389766af3c5dee9ce33e80222dfa"},
    {file = "pydantic-1.10.4-cp37-cp37m-musllinux_1_1_x86_64.whl", hash = "sha256:cd8702c5142afda03dc2b1ee6bc358b62b3735b2cce53fc77b31ca9f728e4bc8"},
    {file = "pydantic-1.10.4-cp37-cp37m-win_amd64.whl", hash = "sha256:6e7124d6855b2780611d9f5e1e145e86667eaa3bd9459192c8dc1a097f5e9903"},
    {file = "pydantic-1.10.4-cp38-cp38-macosx_10_9_x86_64.whl", hash = "sha256:0b53e1d41e97063d51a02821b80538053ee4608b9a181c1005441f1673c55423"},
    {file = "pydantic-1.10.4-cp38-cp38-macosx_11_0_arm64.whl", hash = "sha256:55b1625899acd33229c4352ce0ae54038529b412bd51c4915349b49ca575258f"},
    {file = "pydantic-1.10.4-cp38-cp38-manylinux_2_17_x86_64.manylinux2014_x86_64.whl", hash = "sha256:301d626a59edbe5dfb48fcae245896379a450d04baeed50ef40d8199f2733b06"},
    {file = "pydantic-1.10.4-cp38-cp38-manylinux_2_5_i686.manylinux1_i686.manylinux_2_17_i686.manylinux2014_i686.whl", hash = "sha256:b6f9d649892a6f54a39ed56b8dfd5e08b5f3be5f893da430bed76975f3735d15"},
    {file = "pydantic-1.10.4-cp38-cp38-musllinux_1_1_i686.whl", hash = "sha256:d7b5a3821225f5c43496c324b0d6875fde910a1c2933d726a743ce328fbb2a8c"},
    {file = "pydantic-1.10.4-cp38-cp38-musllinux_1_1_x86_64.whl", hash = "sha256:f2f7eb6273dd12472d7f218e1fef6f7c7c2f00ac2e1ecde4db8824c457300416"},
    {file = "pydantic-1.10.4-cp38-cp38-win_amd64.whl", hash = "sha256:4b05697738e7d2040696b0a66d9f0a10bec0efa1883ca75ee9e55baf511909d6"},
    {file = "pydantic-1.10.4-cp39-cp39-macosx_10_9_x86_64.whl", hash = "sha256:a9a6747cac06c2beb466064dda999a13176b23535e4c496c9d48e6406f92d42d"},
    {file = "pydantic-1.10.4-cp39-cp39-macosx_11_0_arm64.whl", hash = "sha256:eb992a1ef739cc7b543576337bebfc62c0e6567434e522e97291b251a41dad7f"},
    {file = "pydantic-1.10.4-cp39-cp39-manylinux_2_17_x86_64.manylinux2014_x86_64.whl", hash = "sha256:990406d226dea0e8f25f643b370224771878142155b879784ce89f633541a024"},
    {file = "pydantic-1.10.4-cp39-cp39-manylinux_2_5_i686.manylinux1_i686.manylinux_2_17_i686.manylinux2014_i686.whl", hash = "sha256:2e82a6d37a95e0b1b42b82ab340ada3963aea1317fd7f888bb6b9dfbf4fff57c"},
    {file = "pydantic-1.10.4-cp39-cp39-musllinux_1_1_i686.whl", hash = "sha256:9193d4f4ee8feca58bc56c8306bcb820f5c7905fd919e0750acdeeeef0615b28"},
    {file = "pydantic-1.10.4-cp39-cp39-musllinux_1_1_x86_64.whl", hash = "sha256:2b3ce5f16deb45c472dde1a0ee05619298c864a20cded09c4edd820e1454129f"},
    {file = "pydantic-1.10.4-cp39-cp39-win_amd64.whl", hash = "sha256:9cbdc268a62d9a98c56e2452d6c41c0263d64a2009aac69246486f01b4f594c4"},
    {file = "pydantic-1.10.4-py3-none-any.whl", hash = "sha256:4948f264678c703f3877d1c8877c4e3b2e12e549c57795107f08cf70c6ec7774"},
    {file = "pydantic-1.10.4.tar.gz", hash = "sha256:b9a3859f24eb4e097502a3be1fb4b2abb79b6103dd9e2e0edb70613a4459a648"},
]

[package.dependencies]
typing-extensions = ">=4.2.0"

[package.extras]
dotenv = ["python-dotenv (>=0.10.4)"]
email = ["email-validator (>=1.0.3)"]

[[package]]
name = "pyflakes"
version = "3.0.1"
description = "passive checker of Python programs"
category = "dev"
optional = false
python-versions = ">=3.6"
files = [
    {file = "pyflakes-3.0.1-py2.py3-none-any.whl", hash = "sha256:ec55bf7fe21fff7f1ad2f7da62363d749e2a470500eab1b555334b67aa1ef8cf"},
    {file = "pyflakes-3.0.1.tar.gz", hash = "sha256:ec8b276a6b60bd80defed25add7e439881c19e64850afd9b346283d4165fd0fd"},
]

[[package]]
name = "pymongo"
version = "4.4.0"
description = "Python driver for MongoDB <http://www.mongodb.org>"
category = "main"
optional = false
python-versions = ">=3.7"
files = [
    {file = "pymongo-4.4.0-cp310-cp310-macosx_10_9_universal2.whl", hash = "sha256:50294bae0f20ec4f8d3f5eefd133956f582942c156d08f6b88f2a1b1efe04c53"},
    {file = "pymongo-4.4.0-cp310-cp310-manylinux1_i686.whl", hash = "sha256:88ceab5cd84f7d86f018fa66377d6f90fcf3643d56283f2f4124ccef58390a0e"},
    {file = "pymongo-4.4.0-cp310-cp310-manylinux2014_aarch64.whl", hash = "sha256:2578f077b9448b7a420b3e9b0efdfb7ecdb2a3c27e00c181610809717c900cd9"},
    {file = "pymongo-4.4.0-cp310-cp310-manylinux2014_i686.whl", hash = "sha256:ebe1954aa85e622674ea01828419f129527c95c40a392e0f7761e242d85a772f"},
    {file = "pymongo-4.4.0-cp310-cp310-manylinux2014_ppc64le.whl", hash = "sha256:7e0fbf05bb74a3f610f970a178bfb4e048f6b82fc22dda5e14e0ddfc4d66c9b7"},
    {file = "pymongo-4.4.0-cp310-cp310-manylinux2014_s390x.whl", hash = "sha256:4b43ae6e1c4b972761065f77f3eff4b914154bc5bd74d632305875c5309eafd1"},
    {file = "pymongo-4.4.0-cp310-cp310-manylinux2014_x86_64.whl", hash = "sha256:18acb807de39eb9b8ff7122094920f1da79c1781dc96cfef73dd97da51448f7b"},
    {file = "pymongo-4.4.0-cp310-cp310-manylinux_2_17_aarch64.manylinux2014_aarch64.whl", hash = "sha256:cc5c56169effa5bf9fae5e9a66efc211b3f252869d99d6c400792eced7f213b9"},
    {file = "pymongo-4.4.0-cp310-cp310-manylinux_2_17_ppc64le.manylinux2014_ppc64le.whl", hash = "sha256:1c6bd8470c89b2cd6312fa685dbf4c64371a04a7e4a3a55e2007626f8f997103"},
    {file = "pymongo-4.4.0-cp310-cp310-manylinux_2_17_s390x.manylinux2014_s390x.whl", hash = "sha256:02f535bc8f8d75d45ec6cd944804d466a73a46afc368d6c36e232b887edd0475"},
    {file = "pymongo-4.4.0-cp310-cp310-manylinux_2_17_x86_64.manylinux2014_x86_64.whl", hash = "sha256:ff281a66925790a05e3c7e0de1350a0992b66a4e51724317ac35026ac856ae28"},
    {file = "pymongo-4.4.0-cp310-cp310-manylinux_2_5_i686.manylinux1_i686.manylinux_2_17_i686.manylinux2014_i686.whl", hash = "sha256:6aa18b255af46641d167378f8b8f06becb6eb1670f622aefa34e502362267fa9"},
    {file = "pymongo-4.4.0-cp310-cp310-win32.whl", hash = "sha256:34ea6ffb77f0cf8d01c4c1df60dc68141859ada1507c326380ef81e23b58c9cc"},
    {file = "pymongo-4.4.0-cp310-cp310-win_amd64.whl", hash = "sha256:071c256fbb35c6942970b8b6eb6b89bac302db49a2d6d35e68c35b442a0ce710"},
    {file = "pymongo-4.4.0-cp311-cp311-macosx_10_9_universal2.whl", hash = "sha256:d0a8f16a97758ca9af1baa927521b24175dba7e95ce745d5bf64a5c75fe61df8"},
    {file = "pymongo-4.4.0-cp311-cp311-manylinux_2_17_aarch64.manylinux2014_aarch64.whl", hash = "sha256:02060ced24a26e1c73b6f491b728fe99e73f38ba3a1e4b882dc7b873d419ab3e"},
    {file = "pymongo-4.4.0-cp311-cp311-manylinux_2_17_ppc64le.manylinux2014_ppc64le.whl", hash = "sha256:38ece8d2892de19fa437bc4f60b0d8c5353b185e8cc1c543212a488c93c74834"},
    {file = "pymongo-4.4.0-cp311-cp311-manylinux_2_17_s390x.manylinux2014_s390x.whl", hash = "sha256:2128592140426044d59a89f30b7aba1e185faf2553b3d161dcca0aa970ba40c7"},
    {file = "pymongo-4.4.0-cp311-cp311-manylinux_2_17_x86_64.manylinux2014_x86_64.whl", hash = "sha256:a8d482e2ae01a5ac17183afe8c808cb6919889bdf22f0d3663105ccf0ea89adf"},
    {file = "pymongo-4.4.0-cp311-cp311-manylinux_2_5_i686.manylinux1_i686.manylinux_2_17_i686.manylinux2014_i686.whl", hash = "sha256:b0ddb34591f5e19296ef5b643e23ec5179a7c1d2b73c17701f50dcfa493e0252"},
    {file = "pymongo-4.4.0-cp311-cp311-win32.whl", hash = "sha256:23bfd793be088470a1c7bca5c907ae3180e6a4cf731e96a194c89413c042cf4c"},
    {file = "pymongo-4.4.0-cp311-cp311-win_amd64.whl", hash = "sha256:48908eaca3dccc2af8b4eae73ee00d2e1e7ffe91ce630c8906981c075161ad8c"},
    {file = "pymongo-4.4.0-cp37-cp37m-macosx_10_6_intel.whl", hash = "sha256:a4315509a4e155e6bd4b199bd435ff2bb31f558915726e0c50a725ae7b99727f"},
    {file = "pymongo-4.4.0-cp37-cp37m-manylinux1_i686.whl", hash = "sha256:93d8d5ee37cd9634747a1363496fd3949451bdaeb9539278985cb6fd08d929cf"},
    {file = "pymongo-4.4.0-cp37-cp37m-manylinux1_x86_64.whl", hash = "sha256:3e6efcf768209dc4d966fabbbe4dcd2dd2d60ec4d8342668da02664f0c73a9e8"},
    {file = "pymongo-4.4.0-cp37-cp37m-manylinux2014_aarch64.whl", hash = "sha256:e5f19bb887d83959ba1c359fba16cdedb0f868ba85ae375c3e4e0fdf5697a524"},
    {file = "pymongo-4.4.0-cp37-cp37m-manylinux2014_i686.whl", hash = "sha256:b641683de9bf05b4b52a629bf8ddd5fa0fb061ca54bc2412ce89ce2de2beda36"},
    {file = "pymongo-4.4.0-cp37-cp37m-manylinux2014_ppc64le.whl", hash = "sha256:2f74b606c11c570ec2a6c384fc194d96f00eaa829c7c08cbec455f7b02d28774"},
    {file = "pymongo-4.4.0-cp37-cp37m-manylinux2014_s390x.whl", hash = "sha256:242d1a30162ead28e69df37748021039c4b292bbfd7c5449294a26c8365d342d"},
    {file = "pymongo-4.4.0-cp37-cp37m-manylinux2014_x86_64.whl", hash = "sha256:4b092e2a11f37a41e1767a221ff2719397ae2e033f978de236ce10c4b1916227"},
    {file = "pymongo-4.4.0-cp37-cp37m-manylinux_2_17_aarch64.manylinux2014_aarch64.whl", hash = "sha256:c96a080cae86c1c27758fdd3fbee0298a006b05272de4dff9dea21ca34952c72"},
    {file = "pymongo-4.4.0-cp37-cp37m-manylinux_2_17_ppc64le.manylinux2014_ppc64le.whl", hash = "sha256:67aa85bbab597615efd83f521c8da34dd9a19b7456cc919c227378c793073183"},
    {file = "pymongo-4.4.0-cp37-cp37m-manylinux_2_17_s390x.manylinux2014_s390x.whl", hash = "sha256:1eea8af506b8b33573c76942a5c2390f2cddb4e195b1cdfc373ca919e9b95904"},
    {file = "pymongo-4.4.0-cp37-cp37m-manylinux_2_17_x86_64.manylinux2014_x86_64.whl", hash = "sha256:44893b6788da1d67696ff2f27e42e315d40965a4fa23786dcc26c932c5b02149"},
    {file = "pymongo-4.4.0-cp37-cp37m-manylinux_2_5_i686.manylinux1_i686.manylinux_2_17_i686.manylinux2014_i686.whl", hash = "sha256:01807a3d0b758cbf65e7b3af84a24d2ee58c9d6c0af8b0af99b581bcaa75a931"},
    {file = "pymongo-4.4.0-cp37-cp37m-manylinux_2_5_i686.manylinux1_i686.whl", hash = "sha256:9f3e8fc3433a86ab0b3d960f8fb48fe7135876df04987dd04b3bf35d9b49ae92"},
    {file = "pymongo-4.4.0-cp37-cp37m-manylinux_2_5_x86_64.manylinux1_x86_64.whl", hash = "sha256:0669823de06c3a77fddf738f6250688b7fdae2b44edbe3c103b7fbfdfc848392"},
    {file = "pymongo-4.4.0-cp37-cp37m-win32.whl", hash = "sha256:95a5036b7046f617207f38936c188eeb56dbe740cba0fa1215df2e1b9ee38c74"},
    {file = "pymongo-4.4.0-cp37-cp37m-win_amd64.whl", hash = "sha256:45838fa9abf3bce35a24fffcd289de23f3d6edc4cc9beac28037df3e1009f892"},
    {file = "pymongo-4.4.0-cp38-cp38-macosx_10_9_x86_64.whl", hash = "sha256:40ad38ad6f6dbd8a9dbd05195a15fe7749a0692dc895274a4f806d9831fceb3c"},
    {file = "pymongo-4.4.0-cp38-cp38-manylinux1_i686.whl", hash = "sha256:028addb304bc525d4a10c5c6e59ef5f140e528ae285c10e1d43f19905631e32f"},
    {file = "pymongo-4.4.0-cp38-cp38-manylinux1_x86_64.whl", hash = "sha256:093c5343c5863e87023318050507511fa7458b0376caabcc41abff0e36aaabc8"},
    {file = "pymongo-4.4.0-cp38-cp38-manylinux2014_aarch64.whl", hash = "sha256:1a1bb096579ffa59143a8d8fc9d4692db3e04305cf5a0e48e0724ae47a836255"},
    {file = "pymongo-4.4.0-cp38-cp38-manylinux2014_i686.whl", hash = "sha256:b100895d6b57d6a7e8de5fd15578aaa46170b56d978baf56182c10e8ba725fbf"},
    {file = "pymongo-4.4.0-cp38-cp38-manylinux2014_ppc64le.whl", hash = "sha256:29956f61ab885c28b190ff817de7ad0c75a470699632b44848b102640fbf9e73"},
    {file = "pymongo-4.4.0-cp38-cp38-manylinux2014_s390x.whl", hash = "sha256:f38bbab4d13d180ed00c2f107e36503bd2e2cc4c6d4ae2734c0a85c2edaf2d2e"},
    {file = "pymongo-4.4.0-cp38-cp38-manylinux2014_x86_64.whl", hash = "sha256:274eb75231aca12d54d421852fc230e8655e4b33b30e9eb7fd34269955e125dd"},
    {file = "pymongo-4.4.0-cp38-cp38-manylinux_2_17_aarch64.manylinux2014_aarch64.whl", hash = "sha256:8b6603315f9a15e5ed80143a5a744c695a8503e27a76fb5828f7269225f39ddd"},
    {file = "pymongo-4.4.0-cp38-cp38-manylinux_2_17_ppc64le.manylinux2014_ppc64le.whl", hash = "sha256:d368def4564681f681f4fe1ae906239bb4dc7dd403c49d15d3a6fe2688950f13"},
    {file = "pymongo-4.4.0-cp38-cp38-manylinux_2_17_s390x.manylinux2014_s390x.whl", hash = "sha256:bf4e83af0bd3cf4c98eaf1ed2d028afd520bdffd6f7570f6cc5a44e9363fbb9a"},
    {file = "pymongo-4.4.0-cp38-cp38-manylinux_2_17_x86_64.manylinux2014_x86_64.whl", hash = "sha256:4eba5abcee347bdaa7f1a3f18fd97758f0b75a6dc5704885e793aeb51e8e5e32"},
    {file = "pymongo-4.4.0-cp38-cp38-manylinux_2_5_i686.manylinux1_i686.manylinux_2_17_i686.manylinux2014_i686.whl", hash = "sha256:a2e496753e91bc82dfbe1f3bab21e0907866dab3c810e255ebaf991cd5c5455d"},
    {file = "pymongo-4.4.0-cp38-cp38-manylinux_2_5_i686.manylinux1_i686.whl", hash = "sha256:8edb59aa5c10a3fb8d3a0c2cac8ba58c0d8f4e56f9003378ac1fff503a8d3f42"},
    {file = "pymongo-4.4.0-cp38-cp38-manylinux_2_5_x86_64.manylinux1_x86_64.whl", hash = "sha256:801094c80d117b0d476f0afbe16cdfe438cc4069c5b0f2578564cb4b3c83f80f"},
    {file = "pymongo-4.4.0-cp38-cp38-win32.whl", hash = "sha256:8fd68b540fb70954deeb2b6a1fb2f34d6342bcf221e003e6063e3b28e87b2778"},
    {file = "pymongo-4.4.0-cp38-cp38-win_amd64.whl", hash = "sha256:a5551491ace0f05ae0bbe5a496c4daf216d9fc98e182940f471c228235b1626e"},
    {file = "pymongo-4.4.0-cp39-cp39-macosx_10_9_universal2.whl", hash = "sha256:4481f2796d53cd0c74d988a23a11266e6cae03be3878f42ed2c221b192d14f8d"},
    {file = "pymongo-4.4.0-cp39-cp39-manylinux1_i686.whl", hash = "sha256:6a2564ed1a07258a73f7adfb0663aa69022f1edc431d11aae4a32a29e7755d3c"},
    {file = "pymongo-4.4.0-cp39-cp39-manylinux1_x86_64.whl", hash = "sha256:900c773d4f9d68747bb19ef40c35c701f4a919a6b96efa2d4e1cb50074a9738e"},
    {file = "pymongo-4.4.0-cp39-cp39-manylinux2014_aarch64.whl", hash = "sha256:b213fae58d6ba14ac71a481691981e582ff5813630f3a82aaf92fb79399ba0ec"},
    {file = "pymongo-4.4.0-cp39-cp39-manylinux2014_i686.whl", hash = "sha256:4a0cfab6b6c1826e8dfe4453c08aa70343a693dede7c09dca564a9b1f2393374"},
    {file = "pymongo-4.4.0-cp39-cp39-manylinux2014_ppc64le.whl", hash = "sha256:8d8a8aef8724058d416536902e680f2b06499e58c54220becdfcd3ff8e5dccfd"},
    {file = "pymongo-4.4.0-cp39-cp39-manylinux2014_s390x.whl", hash = "sha256:6acedf0778b79b6ea111a28fb23760b5f6b7b1c3e1f1e3595cf87ce709bce344"},
    {file = "pymongo-4.4.0-cp39-cp39-manylinux2014_x86_64.whl", hash = "sha256:15cf004b6329da48078d7d9d1c79c802df6631b94e5a1ed9a112d713cc0f66e9"},
    {file = "pymongo-4.4.0-cp39-cp39-manylinux_2_17_aarch64.manylinux2014_aarch64.whl", hash = "sha256:2caac57d2a0160dce877e706e94e8a15b87feb71c257ecb8b5a039f7e98ba99b"},
    {file = "pymongo-4.4.0-cp39-cp39-manylinux_2_17_ppc64le.manylinux2014_ppc64le.whl", hash = "sha256:a2875f0bdb605e56630f46e12082f26ac2c680a5473f5f154b7131841727948c"},
    {file = "pymongo-4.4.0-cp39-cp39-manylinux_2_17_s390x.manylinux2014_s390x.whl", hash = "sha256:78be52dc21f578a17e2c1cf1a222d4e64e91e0b1dba7e18f5ff7be7c0bf8053f"},
    {file = "pymongo-4.4.0-cp39-cp39-manylinux_2_17_x86_64.manylinux2014_x86_64.whl", hash = "sha256:7eb221dcb9e27415d2bd6e2d3001d1da0f351e2aa1564f6f3987f2206c066600"},
    {file = "pymongo-4.4.0-cp39-cp39-manylinux_2_5_i686.manylinux1_i686.manylinux_2_17_i686.manylinux2014_i686.whl", hash = "sha256:b3eed06a24157a891eac5f73ec2400d22cccc95cde78a3f0e2b90c5ab17f1cf1"},
    {file = "pymongo-4.4.0-cp39-cp39-manylinux_2_5_i686.manylinux1_i686.whl", hash = "sha256:196c2c9ffccdf0ad4efdfae29347c4e2ae52c3415e958736cda84e4062553e96"},
    {file = "pymongo-4.4.0-cp39-cp39-manylinux_2_5_x86_64.manylinux1_x86_64.whl", hash = "sha256:4b65f4e66efe43dcc5fb3a285f899e798742b8365bafdd832054675d34d640d5"},
    {file = "pymongo-4.4.0-cp39-cp39-win32.whl", hash = "sha256:4a28ad09abccc9f71632398febfea12d3f28cec7e44fe6f2b16665807e62c298"},
    {file = "pymongo-4.4.0-cp39-cp39-win_amd64.whl", hash = "sha256:5e13ba36f18489600db28da13da73e8e190bd48899ad268cb482fe726d31a922"},
    {file = "pymongo-4.4.0.tar.gz", hash = "sha256:a1b5d286fee4b9b5a0312faede02f2ce2f56ac695685af1d25f428abdac9a22c"},
]

[package.dependencies]
dnspython = ">=1.16.0,<3.0.0"

[package.extras]
aws = ["pymongo-auth-aws (<2.0.0)"]
encryption = ["pymongo[aws]", "pymongocrypt (>=1.6.0,<2.0.0)"]
gssapi = ["pykerberos", "winkerberos (>=0.5.0)"]
ocsp = ["certifi", "pyopenssl (>=17.2.0)", "requests (<3.0.0)", "service-identity (>=18.1.0)"]
snappy = ["python-snappy"]
zstd = ["zstandard"]

[[package]]
name = "pyproject-flake8"
version = "6.0.0.post1"
description = "pyproject-flake8 (`pflake8`), a monkey patching wrapper to connect flake8 with pyproject.toml configuration"
category = "dev"
optional = false
python-versions = ">=3.8.1"
files = [
    {file = "pyproject-flake8-6.0.0.post1.tar.gz", hash = "sha256:d43421caca0ef8a672874405fe63c722b0333e3c22c41648c6df60f21bab2b6b"},
    {file = "pyproject_flake8-6.0.0.post1-py3-none-any.whl", hash = "sha256:bdc7ca9b967b9724983903489b8943b72c668178fb69f03e8774ec74f6a13782"},
]

[package.dependencies]
flake8 = "6.0.0"
tomli = {version = "*", markers = "python_version < \"3.11\""}

[[package]]
name = "pytest"
version = "7.4.2"
description = "pytest: simple powerful testing with Python"
category = "dev"
optional = false
python-versions = ">=3.7"
files = [
    {file = "pytest-7.4.2-py3-none-any.whl", hash = "sha256:1d881c6124e08ff0a1bb75ba3ec0bfd8b5354a01c194ddd5a0a870a48d99b002"},
    {file = "pytest-7.4.2.tar.gz", hash = "sha256:a766259cfab564a2ad52cb1aae1b881a75c3eb7e34ca3779697c23ed47c47069"},
]

[package.dependencies]
colorama = {version = "*", markers = "sys_platform == \"win32\""}
exceptiongroup = {version = ">=1.0.0rc8", markers = "python_version < \"3.11\""}
iniconfig = "*"
packaging = "*"
pluggy = ">=0.12,<2.0"
tomli = {version = ">=1.0.0", markers = "python_version < \"3.11\""}

[package.extras]
testing = ["argcomplete", "attrs (>=19.2.0)", "hypothesis (>=3.56)", "mock", "nose", "pygments (>=2.7.2)", "requests", "setuptools", "xmlschema"]

[[package]]
name = "python-dateutil"
version = "2.8.2"
description = "Extensions to the standard Python datetime module"
category = "main"
optional = false
python-versions = "!=3.0.*,!=3.1.*,!=3.2.*,>=2.7"
files = [
    {file = "python-dateutil-2.8.2.tar.gz", hash = "sha256:0123cacc1627ae19ddf3c27a5de5bd67ee4586fbdd6440d9748f8abb483d3e86"},
    {file = "python_dateutil-2.8.2-py2.py3-none-any.whl", hash = "sha256:961d03dc3453ebbc59dbdea9e4e11c5651520a876d0f4db161e8674aae935da9"},
]

[package.dependencies]
six = ">=1.5"

[[package]]
name = "python-dotenv"
version = "1.0.0"
description = "Read key-value pairs from a .env file and set them as environment variables"
category = "main"
optional = false
python-versions = ">=3.8"
files = [
    {file = "python-dotenv-1.0.0.tar.gz", hash = "sha256:a8df96034aae6d2d50a4ebe8216326c61c3eb64836776504fcca410e5937a3ba"},
    {file = "python_dotenv-1.0.0-py3-none-any.whl", hash = "sha256:f5971a9226b701070a4bf2c38c89e5a3f0d64de8debda981d1db98583009122a"},
]

[package.extras]
cli = ["click (>=5.0)"]

[[package]]
name = "python-multipart"
version = "0.0.6"
description = "A streaming multipart parser for Python"
category = "main"
optional = false
python-versions = ">=3.7"
files = [
    {file = "python_multipart-0.0.6-py3-none-any.whl", hash = "sha256:ee698bab5ef148b0a760751c261902cd096e57e10558e11aca17646b74ee1c18"},
    {file = "python_multipart-0.0.6.tar.gz", hash = "sha256:e9925a80bb668529f1b67c7fdb0a5dacdd7cbfc6fb0bff3ea443fe22bdd62132"},
]

[package.extras]
dev = ["atomicwrites (==1.2.1)", "attrs (==19.2.0)", "coverage (==6.5.0)", "hatch", "invoke (==1.7.3)", "more-itertools (==4.3.0)", "pbr (==4.3.0)", "pluggy (==1.0.0)", "py (==1.11.0)", "pytest (==7.2.0)", "pytest-cov (==4.0.0)", "pytest-timeout (==2.1.0)", "pyyaml (==5.1)"]

[[package]]
name = "six"
version = "1.16.0"
description = "Python 2 and 3 compatibility utilities"
category = "main"
optional = false
python-versions = ">=2.7, !=3.0.*, !=3.1.*, !=3.2.*"
files = [
    {file = "six-1.16.0-py2.py3-none-any.whl", hash = "sha256:8abb2f1d86890a2dfb989f9a77cfcfd3e47c2a354b01111771326f8aa26e0254"},
    {file = "six-1.16.0.tar.gz", hash = "sha256:1e61c37477a1626458e36f7b1d82aa5c9b094fa4802892072e49de9c60c4c926"},
]

[[package]]
name = "sniffio"
version = "1.3.0"
description = "Sniff out which async library your code is running under"
category = "main"
optional = false
python-versions = ">=3.7"
files = [
    {file = "sniffio-1.3.0-py3-none-any.whl", hash = "sha256:eecefdce1e5bbfb7ad2eeaabf7c1eeb404d7757c379bd1f7e5cce9d8bf425384"},
    {file = "sniffio-1.3.0.tar.gz", hash = "sha256:e60305c5e5d314f5389259b7f22aaa33d8f7dee49763119234af3755c55b9101"},
]

[[package]]
name = "starlette"
version = "0.30.0"
description = "The little ASGI library that shines."
category = "main"
optional = false
python-versions = ">=3.8"
files = [
    {file = "starlette-0.30.0-py3-none-any.whl", hash = "sha256:cb15a5dfbd8de70c999bd1ae4b7e1ba625d74520bc57b28cc4086c7969431f2d"},
    {file = "starlette-0.30.0.tar.gz", hash = "sha256:9cf6bd5f2fbc091c2f22701f9b7f7dfcbd304a567845cffbf89d706543fd2a03"},
]

[package.dependencies]
anyio = ">=3.4.0,<5"

[package.extras]
full = ["httpx (>=0.22.0)", "itsdangerous", "jinja2", "python-multipart", "pyyaml"]

[[package]]
name = "strawberry-graphql"
version = "0.168.1"
description = "A library for creating GraphQL APIs"
category = "main"
optional = false
python-versions = ">=3.7,<4.0"
files = [
    {file = "strawberry_graphql-0.168.1-py3-none-any.whl", hash = "sha256:78c9535e77f287085cde80a9dfb0e793fb6f60f30bd9f7f9acdcc6e1edcd02dd"},
    {file = "strawberry_graphql-0.168.1.tar.gz", hash = "sha256:4c8c0aaf1cb7291ec24ddd861eef9e028feaf4240480df748261c47a7d074d13"},
]

[package.dependencies]
graphql-core = ">=3.2.0,<3.3.0"
pydantic = {version = "<2", optional = true, markers = "extra == \"pydantic\""}
python-dateutil = ">=2.7.0,<3.0.0"
python-multipart = {version = ">=0.0.5,<0.0.7", optional = true, markers = "extra == \"asgi\" or extra == \"debug-server\" or extra == \"fastapi\""}
starlette = {version = ">=0.18.0", optional = true, markers = "extra == \"asgi\" or extra == \"debug-server\""}
typing_extensions = ">=3.7.4,<5.0.0"

[package.extras]
aiohttp = ["aiohttp (>=3.7.4.post0,<4.0.0)"]
asgi = ["python-multipart (>=0.0.5,<0.0.7)", "starlette (>=0.18.0)"]
chalice = ["chalice (>=1.22,<2.0)"]
channels = ["asgiref (>=3.2,<4.0)", "channels (>=3.0.5)"]
cli = ["click (>=7.0,<9.0)", "libcst (>=0.4.7)", "pygments (>=2.3,<3.0)", "rich (>=12.0.0)"]
debug = ["libcst (>=0.4.7)", "rich (>=12.0.0)"]
debug-server = ["click (>=7.0,<9.0)", "libcst (>=0.4.7)", "pygments (>=2.3,<3.0)", "python-multipart (>=0.0.5,<0.0.7)", "rich (>=12.0.0)", "starlette (>=0.18.0)", "uvicorn (>=0.11.6,<0.22.0)"]
django = ["Django (>=3.2)", "asgiref (>=3.2,<4.0)"]
fastapi = ["fastapi (>=0.65.2)", "python-multipart (>=0.0.5,<0.0.7)"]
flask = ["flask (>=1.1)"]
opentelemetry = ["opentelemetry-api (<2)", "opentelemetry-sdk (<2)"]
pydantic = ["pydantic (<2)"]
sanic = ["sanic (>=20.12.2)"]
starlite = ["starlite (>=1.48.0)"]

[[package]]
name = "toml"
version = "0.10.2"
description = "Python Library for Tom's Obvious, Minimal Language"
category = "main"
optional = false
python-versions = ">=2.6, !=3.0.*, !=3.1.*, !=3.2.*"
files = [
    {file = "toml-0.10.2-py2.py3-none-any.whl", hash = "sha256:806143ae5bfb6a3c6e736a764057db0e6a0e05e338b5630894a5f779cabb4f9b"},
    {file = "toml-0.10.2.tar.gz", hash = "sha256:b3bda1d108d5dd99f4a20d24d9c348e91c4db7ab1b749200bded2f839ccbe68f"},
]

[[package]]
name = "tomli"
version = "2.0.1"
description = "A lil' TOML parser"
category = "dev"
optional = false
python-versions = ">=3.7"
files = [
    {file = "tomli-2.0.1-py3-none-any.whl", hash = "sha256:939de3e7a6161af0c887ef91b7d41a53e7c5a1ca976325f429cb46ea9bc30ecc"},
    {file = "tomli-2.0.1.tar.gz", hash = "sha256:de526c12914f0c550d15924c62d72abc48d6fe7364aa87328337a31007fe8a4f"},
]

[[package]]
name = "typing-extensions"
version = "4.7.1"
description = "Backported and Experimental Type Hints for Python 3.7+"
category = "main"
optional = false
python-versions = ">=3.7"
files = [
    {file = "typing_extensions-4.7.1-py3-none-any.whl", hash = "sha256:440d5dd3af93b060174bf433bccd69b0babc3b15b1a8dca43789fd7f61514b36"},
    {file = "typing_extensions-4.7.1.tar.gz", hash = "sha256:b75ddc264f0ba5615db7ba217daeb99701ad295353c45f9e95963337ceeeffb2"},
]

[[package]]
name = "uvicorn"
version = "0.23.2"
description = "The lightning-fast ASGI server."
category = "main"
optional = false
python-versions = ">=3.8"
files = [
    {file = "uvicorn-0.23.2-py3-none-any.whl", hash = "sha256:1f9be6558f01239d4fdf22ef8126c39cb1ad0addf76c40e760549d2c2f43ab53"},
    {file = "uvicorn-0.23.2.tar.gz", hash = "sha256:4d3cc12d7727ba72b64d12d3cc7743124074c0a69f7b201512fc50c3e3f1569a"},
]

[package.dependencies]
click = ">=7.0"
h11 = ">=0.8"
typing-extensions = {version = ">=4.0", markers = "python_version < \"3.11\""}

[package.extras]
standard = ["colorama (>=0.4)", "httptools (>=0.5.0)", "python-dotenv (>=0.13)", "pyyaml (>=5.1)", "uvloop (>=0.14.0,!=0.15.0,!=0.15.1)", "watchfiles (>=0.13)", "websockets (>=10.4)"]

[metadata]
lock-version = "2.0"
python-versions = "^3.10"
content-hash = "7c44154f85841158a3ed77dce0ae7dd7d738b98311ee1709a0c73898c9065c6e"
